
Microsoft Visual Studio Solution File, Format Version 12.00
# Visual Studio Version 17
VisualStudioVersion = 17.0.31903.59
MinimumVisualStudioVersion = 10.0.40219.1
Project("{2150E333-8FDC-42A3-9474-1A3956D46DE8}") = "src", "src", "{827E0CD3-B72D-47B6-A68D-7590B98EB39B}"
EndProject
Project("{FAE04EC0-301F-11D3-BF4B-00C04F79EFBC}") = "CqrsCompiledExpress", "src/CqrsCompiledExpress/CqrsCompiledExpress.csproj", "{27334530-6294-4866-B84F-052A9884196C}"
EndProject
Project("{2150E333-8FDC-42A3-9474-1A3956D46DE8}") = "tests", "tests", "{0AB3BF05-4346-4AA6-1389-037BE0695223}"
EndProject
Project("{FAE04EC0-301F-11D3-BF4B-00C04F79EFBC}") = "BenchmarkVerification", "tests/BenchmarkVerification/BenchmarkVerification.csproj", "{D045A94E-E59F-436B-9C25-A182FD0AB15A}"
EndProject
Project("{FAE04EC0-301F-11D3-BF4B-00C04F79EFBC}") = "CqrsBenchmarks", "tests/CqrsBenchmarks/CqrsBenchmarks.csproj", "{3F7FC884-DC44-4A77-ADFD-45874CECF188}"
EndProject
Project("{FAE04EC0-301F-11D3-BF4B-00C04F79EFBC}") = "CqrsCompiledExpress.Tests", "tests/CqrsCompiledExpress.Tests/CqrsCompiledExpress.Tests.csproj", "{CE66A53D-3C35-4032-B474-859760F4D42F}"
EndProject
Global
	GlobalSection(SolutionConfigurationPlatforms) = preSolution
		Debug|Any CPU = Debug|Any CPU
		Debug|x64 = Debug|x64
		Debug|x86 = Debug|x86
		Release|Any CPU = Release|Any CPU
		Release|x64 = Release|x64
		Release|x86 = Release|x86
	EndGlobalSection
	GlobalSection(ProjectConfigurationPlatforms) = postSolution
		{27334530-6294-4866-B84F-052A9884196C}.Debug|Any CPU.ActiveCfg = Debug|Any CPU
		{27334530-6294-4866-B84F-052A9884196C}.Debug|Any CPU.Build.0 = Debug|Any CPU
		{27334530-6294-4866-B84F-052A9884196C}.Debug|x64.ActiveCfg = Debug|Any CPU
		{27334530-6294-4866-B84F-052A9884196C}.Debug|x64.Build.0 = Debug|Any CPU
		{27334530-6294-4866-B84F-052A9884196C}.Debug|x86.ActiveCfg = Debug|Any CPU
		{27334530-6294-4866-B84F-052A9884196C}.Debug|x86.Build.0 = Debug|Any CPU
		{27334530-6294-4866-B84F-052A9884196C}.Release|Any CPU.ActiveCfg = Release|Any CPU
		{27334530-6294-4866-B84F-052A9884196C}.Release|Any CPU.Build.0 = Release|Any CPU
		{27334530-6294-4866-B84F-052A9884196C}.Release|x64.ActiveCfg = Release|Any CPU
		{27334530-6294-4866-B84F-052A9884196C}.Release|x64.Build.0 = Release|Any CPU
		{27334530-6294-4866-B84F-052A9884196C}.Release|x86.ActiveCfg = Release|Any CPU
		{27334530-6294-4866-B84F-052A9884196C}.Release|x86.Build.0 = Release|Any CPU
		{D045A94E-E59F-436B-9C25-A182FD0AB15A}.Debug|Any CPU.ActiveCfg = Debug|Any CPU
		{D045A94E-E59F-436B-9C25-A182FD0AB15A}.Debug|Any CPU.Build.0 = Debug|Any CPU
		{D045A94E-E59F-436B-9C25-A182FD0AB15A}.Debug|x64.ActiveCfg = Debug|Any CPU
		{D045A94E-E59F-436B-9C25-A182FD0AB15A}.Debug|x64.Build.0 = Debug|Any CPU
		{D045A94E-E59F-436B-9C25-A182FD0AB15A}.Debug|x86.ActiveCfg = Debug|Any CPU
		{D045A94E-E59F-436B-9C25-A182FD0AB15A}.Debug|x86.Build.0 = Debug|Any CPU
		{D045A94E-E59F-436B-9C25-A182FD0AB15A}.Release|Any CPU.ActiveCfg = Release|Any CPU
		{D045A94E-E59F-436B-9C25-A182FD0AB15A}.Release|Any CPU.Build.0 = Release|Any CPU
		{D045A94E-E59F-436B-9C25-A182FD0AB15A}.Release|x64.ActiveCfg = Release|Any CPU
		{D045A94E-E59F-436B-9C25-A182FD0AB15A}.Release|x64.Build.0 = Release|Any CPU
		{D045A94E-E59F-436B-9C25-A182FD0AB15A}.Release|x86.ActiveCfg = Release|Any CPU
		{D045A94E-E59F-436B-9C25-A182FD0AB15A}.Release|x86.Build.0 = Release|Any CPU
		{3F7FC884-DC44-4A77-ADFD-45874CECF188}.Debug|Any CPU.ActiveCfg = Debug|Any CPU
		{3F7FC884-DC44-4A77-ADFD-45874CECF188}.Debug|Any CPU.Build.0 = Debug|Any CPU
		{3F7FC884-DC44-4A77-ADFD-45874CECF188}.Debug|x64.ActiveCfg = Debug|Any CPU
		{3F7FC884-DC44-4A77-ADFD-45874CECF188}.Debug|x64.Build.0 = Debug|Any CPU
		{3F7FC884-DC44-4A77-ADFD-45874CECF188}.Debug|x86.ActiveCfg = Debug|Any CPU
		{3F7FC884-DC44-4A77-ADFD-45874CECF188}.Debug|x86.Build.0 = Debug|Any CPU
		{3F7FC884-DC44-4A77-ADFD-45874CECF188}.Release|Any CPU.ActiveCfg = Release|Any CPU
		{3F7FC884-DC44-4A77-ADFD-45874CECF188}.Release|Any CPU.Build.0 = Release|Any CPU
		{3F7FC884-DC44-4A77-ADFD-45874CECF188}.Release|x64.ActiveCfg = Release|Any CPU
		{3F7FC884-DC44-4A77-ADFD-45874CECF188}.Release|x64.Build.0 = Release|Any CPU
		{3F7FC884-DC44-4A77-ADFD-45874CECF188}.Release|x86.ActiveCfg = Release|Any CPU
		{3F7FC884-DC44-4A77-ADFD-45874CECF188}.Release|x86.Build.0 = Release|Any CPU
		{CE66A53D-3C35-4032-B474-859760F4D42F}.Debug|Any CPU.ActiveCfg = Debug|Any CPU
		{CE66A53D-3C35-4032-B474-859760F4D42F}.Debug|Any CPU.Build.0 = Debug|Any CPU
		{CE66A53D-3C35-4032-B474-859760F4D42F}.Debug|x64.ActiveCfg = Debug|Any CPU
		{CE66A53D-3C35-4032-B474-859760F4D42F}.Debug|x64.Build.0 = Debug|Any CPU
		{CE66A53D-3C35-4032-B474-859760F4D42F}.Debug|x86.ActiveCfg = Debug|Any CPU
		{CE66A53D-3C35-4032-B474-859760F4D42F}.Debug|x86.Build.0 = Debug|Any CPU
		{CE66A53D-3C35-4032-B474-859760F4D42F}.Release|Any CPU.ActiveCfg = Release|Any CPU
		{CE66A53D-3C35-4032-B474-859760F4D42F}.Release|Any CPU.Build.0 = Release|Any CPU
		{CE66A53D-3C35-4032-B474-859760F4D42F}.Release|x64.ActiveCfg = Release|Any CPU
		{CE66A53D-3C35-4032-B474-859760F4D42F}.Release|x64.Build.0 = Release|Any CPU
		{CE66A53D-3C35-4032-B474-859760F4D42F}.Release|x86.ActiveCfg = Release|Any CPU
		{CE66A53D-3C35-4032-B474-859760F4D42F}.Release|x86.Build.0 = Release|Any CPU
	EndGlobalSection
	GlobalSection(SolutionProperties) = preSolution
		HideSolutionNode = FALSE
	EndGlobalSection
	GlobalSection(NestedProjects) = preSolution
		{27334530-6294-4866-B84F-052A9884196C} = {827E0CD3-B72D-47B6-A68D-7590B98EB39B}
		{D045A94E-E59F-436B-9C25-A182FD0AB15A} = {0AB3BF05-4346-4AA6-1389-037BE0695223}
		{3F7FC884-DC44-4A77-ADFD-45874CECF188} = {0AB3BF05-4346-4AA6-1389-037BE0695223}
		{CE66A53D-3C35-4032-B474-859760F4D42F} = {0AB3BF05-4346-4AA6-1389-037BE0695223}
	EndGlobalSection
EndGlobal
